{
  "name": "@optimaxer99x/web-edge-core",
  "version": "1.1.1",
  "lockfileVersion": 3,
  "requires": true,
  "packages": {
    "": {
      "name": "@optimaxer99x/web-edge-core",
      "version": "1.1.1",
      "license": "MIT",
      "dependencies": {
        "@mlc-ai/web-llm": "^0.2.46"
      }
    },
    "node_modules/@mlc-ai/web-llm": {
      "version": "0.2.46",
      "resolved": "https://registry.npmjs.org/@mlc-ai/web-llm/-/web-llm-0.2.46.tgz",
      "integrity": "sha512-NGf5ylTvOVwH1iN4Q2N0t/GfmrjDekFPMjWRO/WqEB3BhSC6+B2ZkLY3AZ43c2RbT2NqROp3BovgNq3Mxq3ONQ==",
      "license": "Apache-2.0",
      "dependencies": {
        "loglevel": "^1.9.1"
      }
    },
    "node_modules/loglevel": {
      "version": "1.9.1",
      "resolved": "https://registry.npmjs.org/loglevel/-/loglevel-1.9.1.tgz",
      "integrity": "sha512-hP3I3kCrDIMuRwAwHltphhDM1r8i55H33GgqjXbrisuJhF4kRhW1dNuxsRklp4bXl8DSdLaNLuiL4A/LWRfxvg==",
      "license": "MIT",
      "engines": {
        "node": ">= 0.6.0"
      },
      "funding": {
        "type": "tidelift",
        "url": "https://tidelift.com/funding/github/npm/loglevel"
      }
    }
  }
}
