{
  "name": "@optimaxer/web-commands",
  "version": "1.0.0",
  "lockfileVersion": 3,
  "requires": true,
  "packages": {
    "": {
      "name": "@optimaxer/web-commands",
      "version": "1.0.0",
      "dependencies": {
        "@optimaxer99x/web-edge-core": "^1.1.5"
      },
      "devDependencies": {
        "typescript": "^4.0.0"
      }
    },
    "node_modules/@mlc-ai/web-llm": {
      "version": "0.2.46",
      "resolved": "https://registry.npmjs.org/@mlc-ai/web-llm/-/web-llm-0.2.46.tgz",
      "integrity": "sha512-NGf5ylTvOVwH1iN4Q2N0t/GfmrjDekFPMjWRO/WqEB3BhSC6+B2ZkLY3AZ43c2RbT2NqROp3BovgNq3Mxq3ONQ==",
      "license": "Apache-2.0",
      "dependencies": {
        "loglevel": "^1.9.1"
      }
    },
    "node_modules/@optimaxer99x/web-edge-core": {
      "version": "1.1.5",
      "resolved": "https://registry.npmjs.org/@optimaxer99x/web-edge-core/-/web-edge-core-1.1.5.tgz",
      "integrity": "sha512-EXWMFNJx51soNQG3gGaUBfxq6DDJJHPmvw2lOB/Tq2yvCf63b7TP1mv3gXc0lUG8RLeZ0a4lTMK4q7ktxbFs5w==",
      "license": "MIT",
      "dependencies": {
        "@mlc-ai/web-llm": "^0.2.46"
      }
    },
    "node_modules/loglevel": {
      "version": "1.9.1",
      "resolved": "https://registry.npmjs.org/loglevel/-/loglevel-1.9.1.tgz",
      "integrity": "sha512-hP3I3kCrDIMuRwAwHltphhDM1r8i55H33GgqjXbrisuJhF4kRhW1dNuxsRklp4bXl8DSdLaNLuiL4A/LWRfxvg==",
      "license": "MIT",
      "engines": {
        "node": ">= 0.6.0"
      },
      "funding": {
        "type": "tidelift",
        "url": "https://tidelift.com/funding/github/npm/loglevel"
      }
    },
    "node_modules/typescript": {
      "version": "4.9.5",
      "resolved": "https://registry.npmjs.org/typescript/-/typescript-4.9.5.tgz",
      "integrity": "sha512-1FXk9E2Hm+QzZQ7z+McJiHL4NW1F2EzMu9Nq9i3zAaGqibafqYwCVU6WyWAuyQRRzOlxou8xZSyXLEN8oKj24g==",
      "dev": true,
      "license": "Apache-2.0",
      "bin": {
        "tsc": "bin/tsc",
        "tsserver": "bin/tsserver"
      },
      "engines": {
        "node": ">=4.2.0"
      }
    }
  }
}
